
Microsoft Visual Studio Solution File, Format Version 12.00
# Visual Studio Version 17
VisualStudioVersion = 17.10.34607.79
MinimumVisualStudioVersion = 10.0.40219.1
Project("{8BC9CEB8-8B4A-11D0-8D11-00A0C91BC942}") = "contohke4", "coba\coba.vcxproj", "{DD54801C-F463-4E40-99D5-F0A65E6710AB}"
EndProject
Project("{8BC9CEB8-8B4A-11D0-8D11-00A0C91BC942}") = "Contohke1", "Contohke1\Contohke1.vcxproj", "{1E7722FA-5A72-49D7-A377-DF4DCBBA31BB}"
EndProject
Project("{8BC9CEB8-8B4A-11D0-8D11-00A0C91BC942}") = "contohke2", "contohke2\contohke2.vcxproj", "{CDAF636C-B3EC-4A90-8829-812D2B095803}"
EndProject
Project("{8BC9CEB8-8B4A-11D0-8D11-00A0C91BC942}") = "contohke3", "contohke3\contohke3.vcxproj", "{7E1BE939-E73F-498B-B6BD-B415ADF7F5B1}"
EndProject
Global
	GlobalSection(SolutionConfigurationPlatforms) = preSolution
		Debug|x64 = Debug|x64
		Debug|x86 = Debug|x86
		Release|x64 = Release|x64
		Release|x86 = Release|x86
	EndGlobalSection
	GlobalSection(ProjectConfigurationPlatforms) = postSolution
		{DD54801C-F463-4E40-99D5-F0A65E6710AB}.Debug|x64.ActiveCfg = Debug|x64
		{DD54801C-F463-4E40-99D5-F0A65E6710AB}.Debug|x64.Build.0 = Debug|x64
		{DD54801C-F463-4E40-99D5-F0A65E6710AB}.Debug|x86.ActiveCfg = Debug|Win32
		{DD54801C-F463-4E40-99D5-F0A65E6710AB}.Debug|x86.Build.0 = Debug|Win32
		{DD54801C-F463-4E40-99D5-F0A65E6710AB}.Release|x64.ActiveCfg = Release|x64
		{DD54801C-F463-4E40-99D5-F0A65E6710AB}.Release|x64.Build.0 = Release|x64
		{DD54801C-F463-4E40-99D5-F0A65E6710AB}.Release|x86.ActiveCfg = Release|Win32
		{DD54801C-F463-4E40-99D5-F0A65E6710AB}.Release|x86.Build.0 = Release|Win32
		{1E7722FA-5A72-49D7-A377-DF4DCBBA31BB}.Debug|x64.ActiveCfg = Debug|x64
		{1E7722FA-5A72-49D7-A377-DF4DCBBA31BB}.Debug|x64.Build.0 = Debug|x64
		{1E7722FA-5A72-49D7-A377-DF4DCBBA31BB}.Debug|x86.ActiveCfg = Debug|Win32
		{1E7722FA-5A72-49D7-A377-DF4DCBBA31BB}.Debug|x86.Build.0 = Debug|Win32
		{1E7722FA-5A72-49D7-A377-DF4DCBBA31BB}.Release|x64.ActiveCfg = Release|x64
		{1E7722FA-5A72-49D7-A377-DF4DCBBA31BB}.Release|x64.Build.0 = Release|x64
		{1E7722FA-5A72-49D7-A377-DF4DCBBA31BB}.Release|x86.ActiveCfg = Release|Win32
		{1E7722FA-5A72-49D7-A377-DF4DCBBA31BB}.Release|x86.Build.0 = Release|Win32
		{CDAF636C-B3EC-4A90-8829-812D2B095803}.Debug|x64.ActiveCfg = Debug|x64
		{CDAF636C-B3EC-4A90-8829-812D2B095803}.Debug|x64.Build.0 = Debug|x64
		{CDAF636C-B3EC-4A90-8829-812D2B095803}.Debug|x86.ActiveCfg = Debug|Win32
		{CDAF636C-B3EC-4A90-8829-812D2B095803}.Debug|x86.Build.0 = Debug|Win32
		{CDAF636C-B3EC-4A90-8829-812D2B095803}.Release|x64.ActiveCfg = Release|x64
		{CDAF636C-B3EC-4A90-8829-812D2B095803}.Release|x64.Build.0 = Release|x64
		{CDAF636C-B3EC-4A90-8829-812D2B095803}.Release|x86.ActiveCfg = Release|Win32
		{CDAF636C-B3EC-4A90-8829-812D2B095803}.Release|x86.Build.0 = Release|Win32
		{7E1BE939-E73F-498B-B6BD-B415ADF7F5B1}.Debug|x64.ActiveCfg = Debug|x64
		{7E1BE939-E73F-498B-B6BD-B415ADF7F5B1}.Debug|x64.Build.0 = Debug|x64
		{7E1BE939-E73F-498B-B6BD-B415ADF7F5B1}.Debug|x86.ActiveCfg = Debug|Win32
		{7E1BE939-E73F-498B-B6BD-B415ADF7F5B1}.Debug|x86.Build.0 = Debug|Win32
		{7E1BE939-E73F-498B-B6BD-B415ADF7F5B1}.Release|x64.ActiveCfg = Release|x64
		{7E1BE939-E73F-498B-B6BD-B415ADF7F5B1}.Release|x64.Build.0 = Release|x64
		{7E1BE939-E73F-498B-B6BD-B415ADF7F5B1}.Release|x86.ActiveCfg = Release|Win32
		{7E1BE939-E73F-498B-B6BD-B415ADF7F5B1}.Release|x86.Build.0 = Release|Win32
	EndGlobalSection
	GlobalSection(SolutionProperties) = preSolution
		HideSolutionNode = FALSE
	EndGlobalSection
	GlobalSection(ExtensibilityGlobals) = postSolution
		SolutionGuid = {5E816B00-53D6-4E8B-A5B6-DA3E666A7601}
	EndGlobalSection
EndGlobal
